
Microsoft Visual Studio Solution File, Format Version 12.00
# Visual Studio Version 17
VisualStudioVersion = 17.0.31903.59
MinimumVisualStudioVersion = 10.0.40219.1
Project("{FAE04EC0-301F-11D3-BF4B-00C04F79EFBC}") = "ZadZaVj1", "ZadZaVj1.csproj", "{67D859C1-C230-4951-8E03-36C9ABC4E68B}"
EndProject
Global
	GlobalSection(SolutionConfigurationPlatforms) = preSolution
		Debug|Any CPU = Debug|Any CPU
		Release|Any CPU = Release|Any CPU
	EndGlobalSection
	GlobalSection(ProjectConfigurationPlatforms) = postSolution
		{67D859C1-C230-4951-8E03-36C9ABC4E68B}.Debug|Any CPU.ActiveCfg = Debug|Any CPU
		{67D859C1-C230-4951-8E03-36C9ABC4E68B}.Debug|Any CPU.Build.0 = Debug|Any CPU
		{67D859C1-C230-4951-8E03-36C9ABC4E68B}.Release|Any CPU.ActiveCfg = Release|Any CPU
		{67D859C1-C230-4951-8E03-36C9ABC4E68B}.Release|Any CPU.Build.0 = Release|Any CPU
	EndGlobalSection
	GlobalSection(SolutionProperties) = preSolution
		HideSolutionNode = FALSE
	EndGlobalSection
	GlobalSection(ExtensibilityGlobals) = postSolution
		SolutionGuid = {1A095EB9-4E9C-41C9-A45C-33FA89F226DE}
	EndGlobalSection
EndGlobal
